{
  "lockfileVersion": 1,
  "configVersion": 1,
  "workspaces": {
    "": {
      "name": "@baleen/me",
      "devDependencies": {
        "@baleen/bats-helpers": "file:../../packages/bats-helpers",
      },
    },
  },
  "packages": {
    "@baleen/bats-helpers": ["@baleen/bats-helpers@file:../../packages/bats-helpers", {}],
  }
}
