{
  "name": "@baleen/ralph-loop",
  "version": "5.0.0",
  "lockfileVersion": 3,
  "requires": true,
  "packages": {
    "": {
      "name": "@baleen/ralph-loop",
      "version": "5.0.0",
      "devDependencies": {
        "@baleen/bats-helpers": "file:../../packages/bats-helpers"
      }
    },
    "../../packages/bats-helpers": {
      "name": "@baleen/bats-helpers",
      "version": "1.0.0",
      "dev": true,
      "hasInstallScript": true,
      "license": "MIT"
    },
    "node_modules/@baleen/bats-helpers": {
      "resolved": "../../packages/bats-helpers",
      "link": true
    }
  }
}
